
Microsoft Visual Studio Solution File, Format Version 12.00
# Visual Studio 15
VisualStudioVersion = 15.0.27004.2002
MinimumVisualStudioVersion = 10.0.40219.1
Project("{FAE04EC0-301F-11D3-BF4B-00C04F79EFBC}") = "CellMerge", "CellMerge\CellMerge.csproj", "{87792EB6-96D0-4EA4-B83A-C311D7D0CAE8}"
EndProject
Global
	GlobalSection(SolutionConfigurationPlatforms) = preSolution
		Debug|Any CPU = Debug|Any CPU
		Release|Any CPU = Release|Any CPU
	EndGlobalSection
	GlobalSection(ProjectConfigurationPlatforms) = postSolution
		{87792EB6-96D0-4EA4-B83A-C311D7D0CAE8}.Debug|Any CPU.ActiveCfg = Debug|Any CPU
		{87792EB6-96D0-4EA4-B83A-C311D7D0CAE8}.Debug|Any CPU.Build.0 = Debug|Any CPU
		{87792EB6-96D0-4EA4-B83A-C311D7D0CAE8}.Release|Any CPU.ActiveCfg = Release|Any CPU
		{87792EB6-96D0-4EA4-B83A-C311D7D0CAE8}.Release|Any CPU.Build.0 = Release|Any CPU
	EndGlobalSection
	GlobalSection(SolutionProperties) = preSolution
		HideSolutionNode = FALSE
	EndGlobalSection
	GlobalSection(ExtensibilityGlobals) = postSolution
		SolutionGuid = {CB4C30C3-7790-4240-9D5B-6622DA06E200}
	EndGlobalSection
EndGlobal
